
Microsoft Visual Studio Solution File, Format Version 12.00
# Visual Studio Version 17
VisualStudioVersion = 17.10.35027.167
MinimumVisualStudioVersion = 10.0.40219.1
Project("{FAE04EC0-301F-11D3-BF4B-00C04F79EFBC}") = "BB", "BB\BB.csproj", "{BF972469-B0EC-4F2A-9F4E-B72F38139346}"
EndProject
Global
	GlobalSection(SolutionConfigurationPlatforms) = preSolution
		Debug|Any CPU = Debug|Any CPU
		Release|Any CPU = Release|Any CPU
	EndGlobalSection
	GlobalSection(ProjectConfigurationPlatforms) = postSolution
		{BF972469-B0EC-4F2A-9F4E-B72F38139346}.Debug|Any CPU.ActiveCfg = Debug|Any CPU
		{BF972469-B0EC-4F2A-9F4E-B72F38139346}.Debug|Any CPU.Build.0 = Debug|Any CPU
		{BF972469-B0EC-4F2A-9F4E-B72F38139346}.Release|Any CPU.ActiveCfg = Release|Any CPU
		{BF972469-B0EC-4F2A-9F4E-B72F38139346}.Release|Any CPU.Build.0 = Release|Any CPU
	EndGlobalSection
	GlobalSection(SolutionProperties) = preSolution
		HideSolutionNode = FALSE
	EndGlobalSection
	GlobalSection(ExtensibilityGlobals) = postSolution
		SolutionGuid = {FEE57EF4-FBFF-485D-8CD1-DF0706927FB9}
	EndGlobalSection
EndGlobal
